
Microsoft Visual Studio Solution File, Format Version 12.00
# Visual Studio Version 17
VisualStudioVersion = 17.7.34031.279
MinimumVisualStudioVersion = 10.0.40219.1
Project("{8BC9CEB8-8B4A-11D0-8D11-00A0C91BC942}") = "HomeWork10_da", "HomeWork10_da\HomeWork10_da.vcxproj", "{599E985A-A252-47AF-A5FE-8C6371307C54}"
EndProject
Global
	GlobalSection(SolutionConfigurationPlatforms) = preSolution
		Debug|x64 = Debug|x64
		Debug|x86 = Debug|x86
		Release|x64 = Release|x64
		Release|x86 = Release|x86
	EndGlobalSection
	GlobalSection(ProjectConfigurationPlatforms) = postSolution
		{599E985A-A252-47AF-A5FE-8C6371307C54}.Debug|x64.ActiveCfg = Debug|x64
		{599E985A-A252-47AF-A5FE-8C6371307C54}.Debug|x64.Build.0 = Debug|x64
		{599E985A-A252-47AF-A5FE-8C6371307C54}.Debug|x86.ActiveCfg = Debug|Win32
		{599E985A-A252-47AF-A5FE-8C6371307C54}.Debug|x86.Build.0 = Debug|Win32
		{599E985A-A252-47AF-A5FE-8C6371307C54}.Release|x64.ActiveCfg = Release|x64
		{599E985A-A252-47AF-A5FE-8C6371307C54}.Release|x64.Build.0 = Release|x64
		{599E985A-A252-47AF-A5FE-8C6371307C54}.Release|x86.ActiveCfg = Release|Win32
		{599E985A-A252-47AF-A5FE-8C6371307C54}.Release|x86.Build.0 = Release|Win32
	EndGlobalSection
	GlobalSection(SolutionProperties) = preSolution
		HideSolutionNode = FALSE
	EndGlobalSection
	GlobalSection(ExtensibilityGlobals) = postSolution
		SolutionGuid = {1E839B7B-1702-457F-ACAF-C5FB5CD137CA}
	EndGlobalSection
EndGlobal
