
Microsoft Visual Studio Solution File, Format Version 12.00
# Visual Studio Version 17
VisualStudioVersion = 17.7.34031.279
MinimumVisualStudioVersion = 10.0.40219.1
Project("{8BC9CEB8-8B4A-11D0-8D11-00A0C91BC942}") = "HomeWork9", "HomeWork9\HomeWork9.vcxproj", "{8730D4D3-BE24-435B-B65E-69C3901DC92F}"
EndProject
Project("{8BC9CEB8-8B4A-11D0-8D11-00A0C91BC942}") = "8===В", "8===В\8===В.vcxproj", "{7054E49D-E982-4102-A797-51B539708847}"
EndProject
Global
	GlobalSection(SolutionConfigurationPlatforms) = preSolution
		Debug|x64 = Debug|x64
		Debug|x86 = Debug|x86
		Release|x64 = Release|x64
		Release|x86 = Release|x86
	EndGlobalSection
	GlobalSection(ProjectConfigurationPlatforms) = postSolution
		{8730D4D3-BE24-435B-B65E-69C3901DC92F}.Debug|x64.ActiveCfg = Debug|x64
		{8730D4D3-BE24-435B-B65E-69C3901DC92F}.Debug|x64.Build.0 = Debug|x64
		{8730D4D3-BE24-435B-B65E-69C3901DC92F}.Debug|x86.ActiveCfg = Debug|Win32
		{8730D4D3-BE24-435B-B65E-69C3901DC92F}.Debug|x86.Build.0 = Debug|Win32
		{8730D4D3-BE24-435B-B65E-69C3901DC92F}.Release|x64.ActiveCfg = Release|x64
		{8730D4D3-BE24-435B-B65E-69C3901DC92F}.Release|x64.Build.0 = Release|x64
		{8730D4D3-BE24-435B-B65E-69C3901DC92F}.Release|x86.ActiveCfg = Release|Win32
		{8730D4D3-BE24-435B-B65E-69C3901DC92F}.Release|x86.Build.0 = Release|Win32
		{7054E49D-E982-4102-A797-51B539708847}.Debug|x64.ActiveCfg = Debug|x64
		{7054E49D-E982-4102-A797-51B539708847}.Debug|x64.Build.0 = Debug|x64
		{7054E49D-E982-4102-A797-51B539708847}.Debug|x86.ActiveCfg = Debug|Win32
		{7054E49D-E982-4102-A797-51B539708847}.Debug|x86.Build.0 = Debug|Win32
		{7054E49D-E982-4102-A797-51B539708847}.Release|x64.ActiveCfg = Release|x64
		{7054E49D-E982-4102-A797-51B539708847}.Release|x64.Build.0 = Release|x64
		{7054E49D-E982-4102-A797-51B539708847}.Release|x86.ActiveCfg = Release|Win32
		{7054E49D-E982-4102-A797-51B539708847}.Release|x86.Build.0 = Release|Win32
	EndGlobalSection
	GlobalSection(SolutionProperties) = preSolution
		HideSolutionNode = FALSE
	EndGlobalSection
	GlobalSection(ExtensibilityGlobals) = postSolution
		SolutionGuid = {CFB1FF1A-038B-4DF3-83AA-E7B08AB3770B}
	EndGlobalSection
EndGlobal
